
Microsoft Visual Studio Solution File, Format Version 12.00
# Visual Studio Version 17
VisualStudioVersion = 17.1.32210.238
MinimumVisualStudioVersion = 10.0.40219.1
Project("{2150E333-8FDC-42A3-9474-1A3956D46DE8}") = "Services", "Services", "{7E7C7F16-0930-4879-B30A-6862D67CB2A2}"
EndProject
Project("{2150E333-8FDC-42A3-9474-1A3956D46DE8}") = "Catalog", "Catalog", "{172417F1-E185-4877-93DD-D4D98193CB62}"
EndProject
Project("{FAE04EC0-301F-11D3-BF4B-00C04F79EFBC}") = "Catalog.API", "Services\Catalog\Catalog.API\Catalog.API.csproj", "{F081D389-DCB4-4784-A332-7139334C2028}"
EndProject
Global
	GlobalSection(SolutionConfigurationPlatforms) = preSolution
		Debug|Any CPU = Debug|Any CPU
		Release|Any CPU = Release|Any CPU
	EndGlobalSection
	GlobalSection(ProjectConfigurationPlatforms) = postSolution
		{F081D389-DCB4-4784-A332-7139334C2028}.Debug|Any CPU.ActiveCfg = Debug|Any CPU
		{F081D389-DCB4-4784-A332-7139334C2028}.Debug|Any CPU.Build.0 = Debug|Any CPU
		{F081D389-DCB4-4784-A332-7139334C2028}.Release|Any CPU.ActiveCfg = Release|Any CPU
		{F081D389-DCB4-4784-A332-7139334C2028}.Release|Any CPU.Build.0 = Release|Any CPU
	EndGlobalSection
	GlobalSection(SolutionProperties) = preSolution
		HideSolutionNode = FALSE
	EndGlobalSection
	GlobalSection(NestedProjects) = preSolution
		{172417F1-E185-4877-93DD-D4D98193CB62} = {7E7C7F16-0930-4879-B30A-6862D67CB2A2}
		{F081D389-DCB4-4784-A332-7139334C2028} = {172417F1-E185-4877-93DD-D4D98193CB62}
	EndGlobalSection
	GlobalSection(ExtensibilityGlobals) = postSolution
		SolutionGuid = {3C064CE3-663F-40B0-95D9-2D59A5097A77}
	EndGlobalSection
EndGlobal
